
Microsoft Visual Studio Solution File, Format Version 12.00
# Visual Studio Version 17
VisualStudioVersion = 17.9.34622.214
MinimumVisualStudioVersion = 10.0.40219.1
Project("{FAE04EC0-301F-11D3-BF4B-00C04F79EFBC}") = "ClassesCsharp", "ClassesCsharp\ClassesCsharp.csproj", "{AA59F09E-6240-4B1D-8011-2E17B74D1B6E}"
EndProject
Global
	GlobalSection(SolutionConfigurationPlatforms) = preSolution
		Debug|Any CPU = Debug|Any CPU
		Release|Any CPU = Release|Any CPU
	EndGlobalSection
	GlobalSection(ProjectConfigurationPlatforms) = postSolution
		{AA59F09E-6240-4B1D-8011-2E17B74D1B6E}.Debug|Any CPU.ActiveCfg = Debug|Any CPU
		{AA59F09E-6240-4B1D-8011-2E17B74D1B6E}.Debug|Any CPU.Build.0 = Debug|Any CPU
		{AA59F09E-6240-4B1D-8011-2E17B74D1B6E}.Release|Any CPU.ActiveCfg = Release|Any CPU
		{AA59F09E-6240-4B1D-8011-2E17B74D1B6E}.Release|Any CPU.Build.0 = Release|Any CPU
	EndGlobalSection
	GlobalSection(SolutionProperties) = preSolution
		HideSolutionNode = FALSE
	EndGlobalSection
	GlobalSection(ExtensibilityGlobals) = postSolution
		SolutionGuid = {C6237C1E-DD70-4136-AA2B-6B3FB31241D7}
	EndGlobalSection
EndGlobal
